
Microsoft Visual Studio Solution File, Format Version 12.00
# Visual Studio Version 17
VisualStudioVersion = 17.8.34330.188
MinimumVisualStudioVersion = 10.0.40219.1
Project("{FAE04EC0-301F-11D3-BF4B-00C04F79EFBC}") = "Prosjek_ocjena", "Prosjek_ocjena\Prosjek_ocjena.csproj", "{10822612-436B-4EB1-9C4F-01653741CFC5}"
EndProject
Global
	GlobalSection(SolutionConfigurationPlatforms) = preSolution
		Debug|Any CPU = Debug|Any CPU
		Release|Any CPU = Release|Any CPU
	EndGlobalSection
	GlobalSection(ProjectConfigurationPlatforms) = postSolution
		{10822612-436B-4EB1-9C4F-01653741CFC5}.Debug|Any CPU.ActiveCfg = Debug|Any CPU
		{10822612-436B-4EB1-9C4F-01653741CFC5}.Debug|Any CPU.Build.0 = Debug|Any CPU
		{10822612-436B-4EB1-9C4F-01653741CFC5}.Release|Any CPU.ActiveCfg = Release|Any CPU
		{10822612-436B-4EB1-9C4F-01653741CFC5}.Release|Any CPU.Build.0 = Release|Any CPU
	EndGlobalSection
	GlobalSection(SolutionProperties) = preSolution
		HideSolutionNode = FALSE
	EndGlobalSection
	GlobalSection(ExtensibilityGlobals) = postSolution
		SolutionGuid = {CFF1B490-0371-42DC-A59F-EF5F2D43E6B0}
	EndGlobalSection
EndGlobal
